<Solution>
  <Folder Name="/src/">
    <Project Path="src/Tailcat.Cli/Tailcat.Cli.csproj" />
    <Project Path="src/Tailcat.Demo/Tailcat.Demo.csproj" />
    <Project Path="src/Tailcat.Derp/Tailcat.Derp.csproj" />
    <Project Path="src/Tailcat.Net/Tailcat.Net.csproj" />
    <Project Path="src/Tailcat.WebDemo/Tailcat.WebDemo.csproj" />
    <Project Path="src/Tailcat/Tailcat.csproj" />
  </Folder>
  <Folder Name="/tests/">
    <Project Path="tests/Tailcat.Cli.Tests/Tailcat.Cli.Tests.csproj" />
    <Project Path="tests/Tailcat.Derp.Tests/Tailcat.Derp.Tests.csproj" />
    <Project Path="tests/Tailcat.Net.Tests/Tailcat.Net.Tests.csproj" />
    <Project Path="tests/Tailcat.TestSupport/Tailcat.TestSupport.csproj" />
    <Project Path="tests/Tailcat.Tests/Tailcat.Tests.csproj" />
    <Project Path="tests/Tailcat.WebDemo.Tests/Tailcat.WebDemo.Tests.csproj" />
  </Folder>
</Solution>
